{
  "dependencies": {
    "bindings": {
      "version": "1.2.1",
      "resolved": "https://registry.npmjs.org/bindings/-/bindings-1.2.1.tgz",
      "from": "bindings@>=1.2.1 <2.0.0"
    },
    "hoek": {
      "version": "2.16.3",
      "resolved": "https://registry.npmjs.org/hoek/-/hoek-2.16.3.tgz",
      "from": "hoek@>=2.14.0 <3.0.0"
    },
    "isemail": {
      "version": "1.2.0",
      "resolved": "https://registry.npmjs.org/isemail/-/isemail-1.2.0.tgz",
      "from": "isemail@>=1.0.0 <2.0.0"
    },
    "joi": {
      "version": "6.10.1",
      "resolved": "https://registry.npmjs.org/joi/-/joi-6.10.1.tgz",
      "from": "joi@>=6.4.3 <7.0.0"
    },
    "moment": {
      "version": "2.14.1",
      "resolved": "https://registry.npmjs.org/moment/-/moment-2.14.1.tgz",
      "from": "moment@>=2.0.0 <3.0.0"
    },
    "nan": {
      "version": "2.4.0",
      "resolved": "https://registry.npmjs.org/nan/-/nan-2.4.0.tgz",
      "from": "nan@>=2.3.5 <3.0.0"
    },
    "node-expat": {
      "version": "2.3.15",
      "resolved": "https://registry.npmjs.org/node-expat/-/node-expat-2.3.15.tgz",
      "from": "node-expat@>=2.3.9 <3.0.0"
    },
    "react-waypoint": {
      "version": "3.1.1",
      "resolved": "https://registry.npmjs.org/react-waypoint/-/react-waypoint-3.1.1.tgz",
      "from": "react-waypoint@3.1.1"
    },
    "scrollreveal": {
      "version": "3.3.1",
      "resolved": "https://registry.npmjs.org/scrollreveal/-/scrollreveal-3.3.1.tgz",
      "from": "scrollreveal@3.3.1"
    },
    "topo": {
      "version": "1.1.0",
      "resolved": "https://registry.npmjs.org/topo/-/topo-1.1.0.tgz",
      "from": "topo@>=1.0.0 <2.0.0"
    },
    "xml2json": {
      "version": "0.9.1",
      "resolved": "https://registry.npmjs.org/xml2json/-/xml2json-0.9.1.tgz",
      "from": "xml2json@0.9.1"
    }
  }
}
